
Microsoft Visual Studio Solution File, Format Version 12.00
# Visual Studio 14
VisualStudioVersion = 14.0.25420.1
MinimumVisualStudioVersion = 10.0.40219.1
Project("{00D1A9C2-B5F0-4AF3-8072-F6C62B433612}") = "ClassSchedule", "Database1\ClassSchedule.sqlproj", "{71C28A83-B951-4FC2-BD2A-B10DB50BBAED}"
EndProject
Global
	GlobalSection(SolutionConfigurationPlatforms) = preSolution
		Debug|Any CPU = Debug|Any CPU
		Release|Any CPU = Release|Any CPU
	EndGlobalSection
	GlobalSection(ProjectConfigurationPlatforms) = postSolution
		{71C28A83-B951-4FC2-BD2A-B10DB50BBAED}.Debug|Any CPU.ActiveCfg = Debug|Any CPU
		{71C28A83-B951-4FC2-BD2A-B10DB50BBAED}.Debug|Any CPU.Build.0 = Debug|Any CPU
		{71C28A83-B951-4FC2-BD2A-B10DB50BBAED}.Debug|Any CPU.Deploy.0 = Debug|Any CPU
		{71C28A83-B951-4FC2-BD2A-B10DB50BBAED}.Release|Any CPU.ActiveCfg = Release|Any CPU
		{71C28A83-B951-4FC2-BD2A-B10DB50BBAED}.Release|Any CPU.Build.0 = Release|Any CPU
		{71C28A83-B951-4FC2-BD2A-B10DB50BBAED}.Release|Any CPU.Deploy.0 = Release|Any CPU
	EndGlobalSection
	GlobalSection(SolutionProperties) = preSolution
		HideSolutionNode = FALSE
	EndGlobalSection
EndGlobal
